
Microsoft Visual Studio Solution File, Format Version 12.00
# Visual Studio Version 17
VisualStudioVersion = 17.8.34511.84
MinimumVisualStudioVersion = 10.0.40219.1
Project("{FAE04EC0-301F-11D3-BF4B-00C04F79EFBC}") = "BasketComm", "BasketComm.csproj", "{0F5C24E3-D276-4AFB-AF4C-C10D9C6E884A}"
EndProject
Global
	GlobalSection(SolutionConfigurationPlatforms) = preSolution
		Debug|Any CPU = Debug|Any CPU
		Release|Any CPU = Release|Any CPU
	EndGlobalSection
	GlobalSection(ProjectConfigurationPlatforms) = postSolution
		{0F5C24E3-D276-4AFB-AF4C-C10D9C6E884A}.Debug|Any CPU.ActiveCfg = Debug|Any CPU
		{0F5C24E3-D276-4AFB-AF4C-C10D9C6E884A}.Debug|Any CPU.Build.0 = Debug|Any CPU
		{0F5C24E3-D276-4AFB-AF4C-C10D9C6E884A}.Release|Any CPU.ActiveCfg = Release|Any CPU
		{0F5C24E3-D276-4AFB-AF4C-C10D9C6E884A}.Release|Any CPU.Build.0 = Release|Any CPU
	EndGlobalSection
	GlobalSection(SolutionProperties) = preSolution
		HideSolutionNode = FALSE
	EndGlobalSection
	GlobalSection(ExtensibilityGlobals) = postSolution
		SolutionGuid = {0A0DAE6A-B70C-4138-A164-9D66C0D98F84}
	EndGlobalSection
EndGlobal
